
Microsoft Visual Studio Solution File, Format Version 12.00
# Visual Studio Version 17
VisualStudioVersion = 17.7.34031.279
MinimumVisualStudioVersion = 10.0.40219.1
Project("{FAE04EC0-301F-11D3-BF4B-00C04F79EFBC}") = "TestPaddleSharp", "TestPaddleSharp\TestPaddleSharp.csproj", "{A11C317F-61B3-46FD-BE50-61DF1EF3ADB2}"
EndProject
Global
	GlobalSection(SolutionConfigurationPlatforms) = preSolution
		Debug|Any CPU = Debug|Any CPU
		Release|Any CPU = Release|Any CPU
	EndGlobalSection
	GlobalSection(ProjectConfigurationPlatforms) = postSolution
		{A11C317F-61B3-46FD-BE50-61DF1EF3ADB2}.Debug|Any CPU.ActiveCfg = Debug|Any CPU
		{A11C317F-61B3-46FD-BE50-61DF1EF3ADB2}.Debug|Any CPU.Build.0 = Debug|Any CPU
		{A11C317F-61B3-46FD-BE50-61DF1EF3ADB2}.Release|Any CPU.ActiveCfg = Release|Any CPU
		{A11C317F-61B3-46FD-BE50-61DF1EF3ADB2}.Release|Any CPU.Build.0 = Release|Any CPU
	EndGlobalSection
	GlobalSection(SolutionProperties) = preSolution
		HideSolutionNode = FALSE
	EndGlobalSection
	GlobalSection(ExtensibilityGlobals) = postSolution
		SolutionGuid = {CEAA4D4C-7B3D-4124-92D4-71CC4CC2E877}
	EndGlobalSection
EndGlobal
